
Microsoft Visual Studio Solution File, Format Version 12.00
# Visual Studio Version 17
VisualStudioVersion = 17.9.34728.123
MinimumVisualStudioVersion = 10.0.40219.1
Project("{FAE04EC0-301F-11D3-BF4B-00C04F79EFBC}") = "salesreportapi", "salesreportapi.csproj", "{6A05326C-2812-4248-A7CE-D879F3B25EEC}"
EndProject
Global
	GlobalSection(SolutionConfigurationPlatforms) = preSolution
		Debug|Any CPU = Debug|Any CPU
		Release|Any CPU = Release|Any CPU
	EndGlobalSection
	GlobalSection(ProjectConfigurationPlatforms) = postSolution
		{6A05326C-2812-4248-A7CE-D879F3B25EEC}.Debug|Any CPU.ActiveCfg = Debug|Any CPU
		{6A05326C-2812-4248-A7CE-D879F3B25EEC}.Debug|Any CPU.Build.0 = Debug|Any CPU
		{6A05326C-2812-4248-A7CE-D879F3B25EEC}.Release|Any CPU.ActiveCfg = Release|Any CPU
		{6A05326C-2812-4248-A7CE-D879F3B25EEC}.Release|Any CPU.Build.0 = Release|Any CPU
	EndGlobalSection
	GlobalSection(SolutionProperties) = preSolution
		HideSolutionNode = FALSE
	EndGlobalSection
	GlobalSection(ExtensibilityGlobals) = postSolution
		SolutionGuid = {E41384DB-C44F-4801-9140-EC618B95FD60}
	EndGlobalSection
EndGlobal
